
Microsoft Visual Studio Solution File, Format Version 12.00
# Visual Studio Version 16
VisualStudioVersion = 16.0.29920.165
MinimumVisualStudioVersion = 10.0.40219.1
Project("{FAE04EC0-301F-11D3-BF4B-00C04F79EFBC}") = "PizzaShopApp", "PizzaShopApp\PizzaShopApp.csproj", "{F098C0AB-E51D-4617-AD9F-E80C476B9E10}"
EndProject
Global
	GlobalSection(SolutionConfigurationPlatforms) = preSolution
		Debug|Any CPU = Debug|Any CPU
		Release|Any CPU = Release|Any CPU
	EndGlobalSection
	GlobalSection(ProjectConfigurationPlatforms) = postSolution
		{F098C0AB-E51D-4617-AD9F-E80C476B9E10}.Debug|Any CPU.ActiveCfg = Debug|Any CPU
		{F098C0AB-E51D-4617-AD9F-E80C476B9E10}.Debug|Any CPU.Build.0 = Debug|Any CPU
		{F098C0AB-E51D-4617-AD9F-E80C476B9E10}.Release|Any CPU.ActiveCfg = Release|Any CPU
		{F098C0AB-E51D-4617-AD9F-E80C476B9E10}.Release|Any CPU.Build.0 = Release|Any CPU
	EndGlobalSection
	GlobalSection(SolutionProperties) = preSolution
		HideSolutionNode = FALSE
	EndGlobalSection
	GlobalSection(ExtensibilityGlobals) = postSolution
		SolutionGuid = {FA64EEBD-FB5F-43E5-8E76-3D6212721028}
	EndGlobalSection
EndGlobal
